Microsoft Visual Studio Solution File, Format Version 11.00
# Visual Studio 2010
Project("{FAE04EC0-301F-11D3-BF4B-00C04F79EFBC}") = "Assembly-CSharp", "Assembly-CSharp.csproj", "{405125CB-37F0-94AF-FC4D-B529EB439EFF}"
EndProject
Project("{FAE04EC0-301F-11D3-BF4B-00C04F79EFBC}") = "Assembly-CSharp-firstpass", "Assembly-CSharp-firstpass.csproj", "{AE4DDA9A-0149-7FBB-F36C-70F71D943708}"
EndProject
Global
	GlobalSection(SolutionConfigurationPlatforms) = preSolution
		Debug|Any CPU = Debug|Any CPU
		Release|Any CPU = Release|Any CPU
	EndGlobalSection
	GlobalSection(ProjectConfigurationPlatforms) = postSolution
		{405125CB-37F0-94AF-FC4D-B529EB439EFF}.Debug|Any CPU.ActiveCfg = Debug|Any CPU
		{405125CB-37F0-94AF-FC4D-B529EB439EFF}.Debug|Any CPU.Build.0 = Debug|Any CPU
		{405125CB-37F0-94AF-FC4D-B529EB439EFF}.Release|Any CPU.ActiveCfg = Release|Any CPU
		{405125CB-37F0-94AF-FC4D-B529EB439EFF}.Release|Any CPU.Build.0 = Release|Any CPU
		{AE4DDA9A-0149-7FBB-F36C-70F71D943708}.Debug|Any CPU.ActiveCfg = Debug|Any CPU
		{AE4DDA9A-0149-7FBB-F36C-70F71D943708}.Debug|Any CPU.Build.0 = Debug|Any CPU
		{AE4DDA9A-0149-7FBB-F36C-70F71D943708}.Release|Any CPU.ActiveCfg = Release|Any CPU
		{AE4DDA9A-0149-7FBB-F36C-70F71D943708}.Release|Any CPU.Build.0 = Release|Any CPU
	EndGlobalSection
	GlobalSection(SolutionProperties) = preSolution
		HideSolutionNode = FALSE
	EndGlobalSection
	GlobalSection(MonoDevelopProperties) = preSolution
		StartupItem = Assembly-CSharp.csproj
	EndGlobalSection
EndGlobal
